
Microsoft Visual Studio Solution File, Format Version 12.00
# Visual Studio Version 16
VisualStudioVersion = 16.0.30717.126
MinimumVisualStudioVersion = 10.0.40219.1
Project("{FAE04EC0-301F-11D3-BF4B-00C04F79EFBC}") = "GymBokingSys", "GymBokingSys.csproj", "{88A8B6FD-C218-4F9C-937B-3393D1B4096B}"
EndProject
Global
	GlobalSection(SolutionConfigurationPlatforms) = preSolution
		Debug|Any CPU = Debug|Any CPU
		Release|Any CPU = Release|Any CPU
	EndGlobalSection
	GlobalSection(ProjectConfigurationPlatforms) = postSolution
		{88A8B6FD-C218-4F9C-937B-3393D1B4096B}.Debug|Any CPU.ActiveCfg = Debug|Any CPU
		{88A8B6FD-C218-4F9C-937B-3393D1B4096B}.Debug|Any CPU.Build.0 = Debug|Any CPU
		{88A8B6FD-C218-4F9C-937B-3393D1B4096B}.Release|Any CPU.ActiveCfg = Release|Any CPU
		{88A8B6FD-C218-4F9C-937B-3393D1B4096B}.Release|Any CPU.Build.0 = Release|Any CPU
	EndGlobalSection
	GlobalSection(SolutionProperties) = preSolution
		HideSolutionNode = FALSE
	EndGlobalSection
	GlobalSection(ExtensibilityGlobals) = postSolution
		SolutionGuid = {026173BE-ACF4-49DA-9605-A98BD7BCB825}
	EndGlobalSection
EndGlobal
